
Microsoft Visual Studio Solution File, Format Version 12.00
# Visual Studio Version 16
VisualStudioVersion = 16.0.31205.134
MinimumVisualStudioVersion = 10.0.40219.1
Project("{FAE04EC0-301F-11D3-BF4B-00C04F79EFBC}") = "Task1", "Task1.csproj", "{ADF6468F-032A-4407-B12D-6EC63885C007}"
EndProject
Global
	GlobalSection(SolutionConfigurationPlatforms) = preSolution
		Debug|Any CPU = Debug|Any CPU
		Release|Any CPU = Release|Any CPU
	EndGlobalSection
	GlobalSection(ProjectConfigurationPlatforms) = postSolution
		{ADF6468F-032A-4407-B12D-6EC63885C007}.Debug|Any CPU.ActiveCfg = Debug|Any CPU
		{ADF6468F-032A-4407-B12D-6EC63885C007}.Debug|Any CPU.Build.0 = Debug|Any CPU
		{ADF6468F-032A-4407-B12D-6EC63885C007}.Release|Any CPU.ActiveCfg = Release|Any CPU
		{ADF6468F-032A-4407-B12D-6EC63885C007}.Release|Any CPU.Build.0 = Release|Any CPU
	EndGlobalSection
	GlobalSection(SolutionProperties) = preSolution
		HideSolutionNode = FALSE
	EndGlobalSection
	GlobalSection(ExtensibilityGlobals) = postSolution
		SolutionGuid = {29BC3DD1-8B6C-4A97-8F84-96B70FC8F055}
	EndGlobalSection
EndGlobal
