
Microsoft Visual Studio Solution File, Format Version 12.00
# Visual Studio Version 16
VisualStudioVersion = 16.0.31205.134
MinimumVisualStudioVersion = 10.0.40219.1
Project("{FAE04EC0-301F-11D3-BF4B-00C04F79EFBC}") = "Task2", "Task2.csproj", "{EB81BCCA-C32B-4663-A107-4BFEA7829FEC}"
EndProject
Global
	GlobalSection(SolutionConfigurationPlatforms) = preSolution
		Debug|Any CPU = Debug|Any CPU
		Release|Any CPU = Release|Any CPU
	EndGlobalSection
	GlobalSection(ProjectConfigurationPlatforms) = postSolution
		{EB81BCCA-C32B-4663-A107-4BFEA7829FEC}.Debug|Any CPU.ActiveCfg = Debug|Any CPU
		{EB81BCCA-C32B-4663-A107-4BFEA7829FEC}.Debug|Any CPU.Build.0 = Debug|Any CPU
		{EB81BCCA-C32B-4663-A107-4BFEA7829FEC}.Release|Any CPU.ActiveCfg = Release|Any CPU
		{EB81BCCA-C32B-4663-A107-4BFEA7829FEC}.Release|Any CPU.Build.0 = Release|Any CPU
	EndGlobalSection
	GlobalSection(SolutionProperties) = preSolution
		HideSolutionNode = FALSE
	EndGlobalSection
	GlobalSection(ExtensibilityGlobals) = postSolution
		SolutionGuid = {07FEDF83-72EA-43DA-9C29-20812CEF74B3}
	EndGlobalSection
EndGlobal
